
Microsoft Visual Studio Solution File, Format Version 12.00
# Visual Studio Version 17
VisualStudioVersion = 17.3.32825.248
MinimumVisualStudioVersion = 10.0.40219.1
Project("{9A19103F-16F7-4668-BE54-9A1E7A4F7556}") = "PRN211_Project_Group1", "PRN211_Project_Group1.csproj", "{B5E3603A-48E8-4A2F-8319-74FE03BF19E4}"
EndProject
Global
	GlobalSection(SolutionConfigurationPlatforms) = preSolution
		Debug|Any CPU = Debug|Any CPU
		Release|Any CPU = Release|Any CPU
	EndGlobalSection
	GlobalSection(ProjectConfigurationPlatforms) = postSolution
		{B5E3603A-48E8-4A2F-8319-74FE03BF19E4}.Debug|Any CPU.ActiveCfg = Debug|Any CPU
		{B5E3603A-48E8-4A2F-8319-74FE03BF19E4}.Debug|Any CPU.Build.0 = Debug|Any CPU
		{B5E3603A-48E8-4A2F-8319-74FE03BF19E4}.Release|Any CPU.ActiveCfg = Release|Any CPU
		{B5E3603A-48E8-4A2F-8319-74FE03BF19E4}.Release|Any CPU.Build.0 = Release|Any CPU
	EndGlobalSection
	GlobalSection(SolutionProperties) = preSolution
		HideSolutionNode = FALSE
	EndGlobalSection
	GlobalSection(ExtensibilityGlobals) = postSolution
		SolutionGuid = {2133B131-BBB1-4578-A6AB-84DFB23EE9D3}
	EndGlobalSection
EndGlobal
